
Microsoft Visual Studio Solution File, Format Version 12.00
# Visual Studio 15
VisualStudioVersion = 15.0.27703.2026
MinimumVisualStudioVersion = 10.0.40219.1
Project("{8BC9CEB8-8B4A-11D0-8D11-00A0C91BC942}") = "SuperHotOpenGL", "SuperHotOpenGL\TemplateGL.vcxproj", "{8A0D5592-2E2A-45B9-98D9-73A47AF4A09B}"
EndProject
Global
	GlobalSection(SolutionConfigurationPlatforms) = preSolution
		Debug|x86 = Debug|x86
		Release|x86 = Release|x86
	EndGlobalSection
	GlobalSection(ProjectConfigurationPlatforms) = postSolution
		{8A0D5592-2E2A-45B9-98D9-73A47AF4A09B}.Debug|x86.ActiveCfg = Debug|Win32
		{8A0D5592-2E2A-45B9-98D9-73A47AF4A09B}.Debug|x86.Build.0 = Debug|Win32
		{8A0D5592-2E2A-45B9-98D9-73A47AF4A09B}.Release|x86.ActiveCfg = Release|Win32
		{8A0D5592-2E2A-45B9-98D9-73A47AF4A09B}.Release|x86.Build.0 = Release|Win32
	EndGlobalSection
	GlobalSection(SolutionProperties) = preSolution
		HideSolutionNode = FALSE
	EndGlobalSection
	GlobalSection(ExtensibilityGlobals) = postSolution
		SolutionGuid = {E18B9110-D53E-45DD-A1D2-ABFC3288E2F1}
	EndGlobalSection
EndGlobal
